// !$*UTF8*$!
{
	archiveVersion = 1;
	classes = {
	};
	objectVersion = 55;
	objects = {

/* Begin PBXBuildFile section */
		E01729FD281F056200BE0933 /* iOSPrototypeApp.swift in Sources */ = {isa = PBXBuildFile; fileRef = E01729FC281F056200BE0933 /* iOSPrototypeApp.swift */; };
		E0172A01281F056200BE0933 /* Assets.xcassets in Resources */ = {isa = PBXBuildFile; fileRef = E0172A00281F056200BE0933 /* Assets.xcassets */; };
		E0172A04281F056200BE0933 /* Preview Assets.xcassets in Resources */ = {isa = PBXBuildFile; fileRef = E0172A03281F056200BE0933 /* Preview Assets.xcassets */; };
		E0172A0B281F081400BE0933 /* TabBarView.swift in Sources */ = {isa = PBXBuildFile; fileRef = E0172A0A281F081400BE0933 /* TabBarView.swift */; };
		E0172A0E281F09DA00BE0933 /* SearchView.swift in Sources */ = {isa = PBXBuildFile; fileRef = E0172A0D281F09DA00BE0933 /* SearchView.swift */; };
		E0172A10281F0A1200BE0933 /* SearchListView.swift in Sources */ = {isa = PBXBuildFile; fileRef = E0172A0F281F0A1200BE0933 /* SearchListView.swift */; };
		E0172A12281F0D0600BE0933 /* SearchRowModel.swift in Sources */ = {isa = PBXBuildFile; fileRef = E0172A11281F0D0600BE0933 /* SearchRowModel.swift */; };
		E0172A16281F106900BE0933 /* SearchDetailView.swift in Sources */ = {isa = PBXBuildFile; fileRef = E0172A15281F106900BE0933 /* SearchDetailView.swift */; };
		E0172A1B281F196F00BE0933 /* SearchDetailView-ViewModel.swift in Sources */ = {isa = PBXBuildFile; fileRef = E0172A1A281F196F00BE0933 /* SearchDetailView-ViewModel.swift */; };
		E0172A1E281F1C8A00BE0933 /* SearchLoader.swift in Sources */ = {isa = PBXBuildFile; fileRef = E0172A1D281F1C8A00BE0933 /* SearchLoader.swift */; };
		E022BDFE27FBB206006C044E /* RemotePodcastLoader.swift in Sources */ = {isa = PBXBuildFile; fileRef = E022BDFD27FBB206006C044E /* RemotePodcastLoader.swift */; };
		E054E2B527F933DD00D955FE /* FeedKit in Frameworks */ = {isa = PBXBuildFile; productRef = E054E2B427F933DD00D955FE /* FeedKit */; };
		E054E2B927F9385700D955FE /* HTTPClient.swift in Sources */ = {isa = PBXBuildFile; fileRef = E054E2B827F9385700D955FE /* HTTPClient.swift */; };
		E054E2BB27F93A3D00D955FE /* URLSessionHTTPClient.swift in Sources */ = {isa = PBXBuildFile; fileRef = E054E2BA27F93A3D00D955FE /* URLSessionHTTPClient.swift */; };
		E05E21DD282C843800404B2A /* PersistentContainer.swift in Sources */ = {isa = PBXBuildFile; fileRef = E05E21DC282C843800404B2A /* PersistentContainer.swift */; };
		E05E21DF282C862A00404B2A /* StorageProvider.swift in Sources */ = {isa = PBXBuildFile; fileRef = E05E21DE282C862A00404B2A /* StorageProvider.swift */; };
		E05E21E2282C88A600404B2A /* CoreDataStore.xcdatamodeld in Sources */ = {isa = PBXBuildFile; fileRef = E05E21E0282C88A600404B2A /* CoreDataStore.xcdatamodeld */; };
		E091BF6627F9339F00297C8A /* Core.framework in Frameworks */ = {isa = PBXBuildFile; fileRef = E091BF5E27F9339F00297C8A /* Core.framework */; };
		E091BF6B27F9339F00297C8A /* CoreTests.swift in Sources */ = {isa = PBXBuildFile; fileRef = E091BF6A27F9339F00297C8A /* CoreTests.swift */; };
		E091BF6C27F9339F00297C8A /* Core.h in Headers */ = {isa = PBXBuildFile; fileRef = E091BF6027F9339F00297C8A /* Core.h */; settings = {ATTRIBUTES = (Public, ); }; };
		E0D5548B27FE893A0050012F /* RemotePodcastItem.swift in Sources */ = {isa = PBXBuildFile; fileRef = E0D5548A27FE893A0050012F /* RemotePodcastItem.swift */; };
		E0D5548D27FE895E0050012F /* RemotePodcastEpisode.swift in Sources */ = {isa = PBXBuildFile; fileRef = E0D5548C27FE895E0050012F /* RemotePodcastEpisode.swift */; };
		E0DBE48627FDBE8C0079E445 /* RemotePodcastMapper.swift in Sources */ = {isa = PBXBuildFile; fileRef = E0DBE48527FDBE8C0079E445 /* RemotePodcastMapper.swift */; };
/* End PBXBuildFile section */

/* Begin PBXContainerItemProxy section */
		E091BF6727F9339F00297C8A /* PBXContainerItemProxy */ = {
			isa = PBXContainerItemProxy;
			containerPortal = E0131CE727F928C0002C6C7C /* Project object */;
			proxyType = 1;
			remoteGlobalIDString = E091BF5D27F9339F00297C8A;
			remoteInfo = Core;
		};
/* End PBXContainerItemProxy section */

/* Begin PBXFileReference section */
		E01729FA281F056200BE0933 /* PodcastApp.app */ = {isa = PBXFileReference; explicitFileType = wrapper.application; includeInIndex = 0; path = PodcastApp.app; sourceTree = BUILT_PRODUCTS_DIR; };
		E01729FC281F056200BE0933 /* iOSPrototypeApp.swift */ = {isa = PBXFileReference; lastKnownFileType = sourcecode.swift; path = iOSPrototypeApp.swift; sourceTree = "<group>"; };
		E0172A00281F056200BE0933 /* Assets.xcassets */ = {isa = PBXFileReference; lastKnownFileType = folder.assetcatalog; path = Assets.xcassets; sourceTree = "<group>"; };
		E0172A03281F056200BE0933 /* Preview Assets.xcassets */ = {isa = PBXFileReference; lastKnownFileType = folder.assetcatalog; path = "Preview Assets.xcassets"; sourceTree = "<group>"; };
		E0172A0A281F081400BE0933 /* TabBarView.swift */ = {isa = PBXFileReference; lastKnownFileType = sourcecode.swift; path = TabBarView.swift; sourceTree = "<group>"; };
		E0172A0D281F09DA00BE0933 /* SearchView.swift */ = {isa = PBXFileReference; lastKnownFileType = sourcecode.swift; path = SearchView.swift; sourceTree = "<group>"; };
		E0172A0F281F0A1200BE0933 /* SearchListView.swift */ = {isa = PBXFileReference; lastKnownFileType = sourcecode.swift; path = SearchListView.swift; sourceTree = "<group>"; };
		E0172A11281F0D0600BE0933 /* SearchRowModel.swift */ = {isa = PBXFileReference; lastKnownFileType = sourcecode.swift; path = SearchRowModel.swift; sourceTree = "<group>"; };
		E0172A15281F106900BE0933 /* SearchDetailView.swift */ = {isa = PBXFileReference; lastKnownFileType = sourcecode.swift; path = SearchDetailView.swift; sourceTree = "<group>"; };
		E0172A1A281F196F00BE0933 /* SearchDetailView-ViewModel.swift */ = {isa = PBXFileReference; lastKnownFileType = sourcecode.swift; path = "SearchDetailView-ViewModel.swift"; sourceTree = "<group>"; };
		E0172A1D281F1C8A00BE0933 /* SearchLoader.swift */ = {isa = PBXFileReference; lastKnownFileType = sourcecode.swift; path = SearchLoader.swift; sourceTree = "<group>"; };
		E022BDFD27FBB206006C044E /* RemotePodcastLoader.swift */ = {isa = PBXFileReference; lastKnownFileType = sourcecode.swift; path = RemotePodcastLoader.swift; sourceTree = "<group>"; };
		E054E2B827F9385700D955FE /* HTTPClient.swift */ = {isa = PBXFileReference; lastKnownFileType = sourcecode.swift; path = HTTPClient.swift; sourceTree = "<group>"; };
		E054E2BA27F93A3D00D955FE /* URLSessionHTTPClient.swift */ = {isa = PBXFileReference; lastKnownFileType = sourcecode.swift; path = URLSessionHTTPClient.swift; sourceTree = "<group>"; };
		E05E21DC282C843800404B2A /* PersistentContainer.swift */ = {isa = PBXFileReference; lastKnownFileType = sourcecode.swift; path = PersistentContainer.swift; sourceTree = "<group>"; };
		E05E21DE282C862A00404B2A /* StorageProvider.swift */ = {isa = PBXFileReference; lastKnownFileType = sourcecode.swift; path = StorageProvider.swift; sourceTree = "<group>"; };
		E05E21E1282C88A600404B2A /* CoreDataStore.xcdatamodel */ = {isa = PBXFileReference; lastKnownFileType = wrapper.xcdatamodel; path = CoreDataStore.xcdatamodel; sourceTree = "<group>"; };
		E091BF5E27F9339F00297C8A /* Core.framework */ = {isa = PBXFileReference; explicitFileType = wrapper.framework; includeInIndex = 0; path = Core.framework; sourceTree = BUILT_PRODUCTS_DIR; };
		E091BF6027F9339F00297C8A /* Core.h */ = {isa = PBXFileReference; lastKnownFileType = sourcecode.c.h; path = Core.h; sourceTree = "<group>"; };
		E091BF6527F9339F00297C8A /* CoreTests.xctest */ = {isa = PBXFileReference; explicitFileType = wrapper.cfbundle; includeInIndex = 0; path = CoreTests.xctest; sourceTree = BUILT_PRODUCTS_DIR; };
		E091BF6A27F9339F00297C8A /* CoreTests.swift */ = {isa = PBXFileReference; lastKnownFileType = sourcecode.swift; path = CoreTests.swift; sourceTree = "<group>"; };
		E0D5548A27FE893A0050012F /* RemotePodcastItem.swift */ = {isa = PBXFileReference; lastKnownFileType = sourcecode.swift; path = RemotePodcastItem.swift; sourceTree = "<group>"; };
		E0D5548C27FE895E0050012F /* RemotePodcastEpisode.swift */ = {isa = PBXFileReference; lastKnownFileType = sourcecode.swift; path = RemotePodcastEpisode.swift; sourceTree = "<group>"; };
		E0DBE48527FDBE8C0079E445 /* RemotePodcastMapper.swift */ = {isa = PBXFileReference; lastKnownFileType = sourcecode.swift; path = RemotePodcastMapper.swift; sourceTree = "<group>"; };
/* End PBXFileReference section */

/* Begin PBXFrameworksBuildPhase section */
		E01729F7281F056200BE0933 /* Frameworks */ = {
			isa = PBXFrameworksBuildPhase;
			buildActionMask = 2147483647;
			files = (
			);
			runOnlyForDeploymentPostprocessing = 0;
		};
		E091BF5B27F9339F00297C8A /* Frameworks */ = {
			isa = PBXFrameworksBuildPhase;
			buildActionMask = 2147483647;
			files = (
				E054E2B527F933DD00D955FE /* FeedKit in Frameworks */,
			);
			runOnlyForDeploymentPostprocessing = 0;
		};
		E091BF6227F9339F00297C8A /* Frameworks */ = {
			isa = PBXFrameworksBuildPhase;
			buildActionMask = 2147483647;
			files = (
				E091BF6627F9339F00297C8A /* Core.framework in Frameworks */,
			);
			runOnlyForDeploymentPostprocessing = 0;
		};
/* End PBXFrameworksBuildPhase section */

/* Begin PBXGroup section */
		E0131CE627F928C0002C6C7C = {
			isa = PBXGroup;
			children = (
				E091BF5F27F9339F00297C8A /* Core */,
				E091BF6927F9339F00297C8A /* CoreTests */,
				E01729FB281F056200BE0933 /* iOSPrototype */,
				E054E2B327F933DD00D955FE /* Frameworks */,
				E0131CF027F928C0002C6C7C /* Products */,
			);
			indentWidth = 2;
			sourceTree = "<group>";
			tabWidth = 2;
		};
		E0131CF027F928C0002C6C7C /* Products */ = {
			isa = PBXGroup;
			children = (
				E091BF5E27F9339F00297C8A /* Core.framework */,
				E091BF6527F9339F00297C8A /* CoreTests.xctest */,
				E01729FA281F056200BE0933 /* PodcastApp.app */,
			);
			name = Products;
			sourceTree = "<group>";
		};
		E01729FB281F056200BE0933 /* iOSPrototype */ = {
			isa = PBXGroup;
			children = (
				E01729FC281F056200BE0933 /* iOSPrototypeApp.swift */,
				E0172A0A281F081400BE0933 /* TabBarView.swift */,
				E0172A00281F056200BE0933 /* Assets.xcassets */,
				E0172A02281F056200BE0933 /* Preview Content */,
				E0172A0C281F09CD00BE0933 /* Search */,
			);
			path = iOSPrototype;
			sourceTree = "<group>";
		};
		E0172A02281F056200BE0933 /* Preview Content */ = {
			isa = PBXGroup;
			children = (
				E0172A03281F056200BE0933 /* Preview Assets.xcassets */,
			);
			path = "Preview Content";
			sourceTree = "<group>";
		};
		E0172A0C281F09CD00BE0933 /* Search */ = {
			isa = PBXGroup;
			children = (
				E0172A19281F195900BE0933 /* View Models */,
				E0172A17281F109C00BE0933 /* Models */,
				E0172A18281F10F800BE0933 /* Views */,
				E0172A1D281F1C8A00BE0933 /* SearchLoader.swift */,
			);
			path = Search;
			sourceTree = "<group>";
		};
		E0172A17281F109C00BE0933 /* Models */ = {
			isa = PBXGroup;
			children = (
				E0172A11281F0D0600BE0933 /* SearchRowModel.swift */,
			);
			path = Models;
			sourceTree = "<group>";
		};
		E0172A18281F10F800BE0933 /* Views */ = {
			isa = PBXGroup;
			children = (
				E0172A15281F106900BE0933 /* SearchDetailView.swift */,
				E0172A0F281F0A1200BE0933 /* SearchListView.swift */,
				E0172A0D281F09DA00BE0933 /* SearchView.swift */,
			);
			path = Views;
			sourceTree = "<group>";
		};
		E0172A19281F195900BE0933 /* View Models */ = {
			isa = PBXGroup;
			children = (
				E0172A1A281F196F00BE0933 /* SearchDetailView-ViewModel.swift */,
			);
			path = "View Models";
			sourceTree = "<group>";
		};
		E054E2B327F933DD00D955FE /* Frameworks */ = {
			isa = PBXGroup;
			children = (
			);
			name = Frameworks;
			sourceTree = "<group>";
		};
		E05E21DB282C841E00404B2A /* Core Data Store */ = {
			isa = PBXGroup;
			children = (
				E05E21DC282C843800404B2A /* PersistentContainer.swift */,
				E05E21DE282C862A00404B2A /* StorageProvider.swift */,
				E05E21E0282C88A600404B2A /* CoreDataStore.xcdatamodeld */,
			);
			path = "Core Data Store";
			sourceTree = "<group>";
		};
		E091BF5F27F9339F00297C8A /* Core */ = {
			isa = PBXGroup;
			children = (
				E091BF6027F9339F00297C8A /* Core.h */,
				E054E2B827F9385700D955FE /* HTTPClient.swift */,
				E0D5548C27FE895E0050012F /* RemotePodcastEpisode.swift */,
				E0D5548A27FE893A0050012F /* RemotePodcastItem.swift */,
				E022BDFD27FBB206006C044E /* RemotePodcastLoader.swift */,
				E0DBE48527FDBE8C0079E445 /* RemotePodcastMapper.swift */,
				E054E2BA27F93A3D00D955FE /* URLSessionHTTPClient.swift */,
				E05E21DB282C841E00404B2A /* Core Data Store */,
			);
			path = Core;
			sourceTree = "<group>";
		};
		E091BF6927F9339F00297C8A /* CoreTests */ = {
			isa = PBXGroup;
			children = (
				E091BF6A27F9339F00297C8A /* CoreTests.swift */,
			);
			path = CoreTests;
			sourceTree = "<group>";
		};
/* End PBXGroup section */

/* Begin PBXHeadersBuildPhase section */
		E091BF5927F9339F00297C8A /* Headers */ = {
			isa = PBXHeadersBuildPhase;
			buildActionMask = 2147483647;
			files = (
				E091BF6C27F9339F00297C8A /* Core.h in Headers */,
			);
			runOnlyForDeploymentPostprocessing = 0;
		};
/* End PBXHeadersBuildPhase section */

/* Begin PBXNativeTarget section */
		E01729F9281F056200BE0933 /* iOSPrototype */ = {
			isa = PBXNativeTarget;
			buildConfigurationList = E0172A05281F056200BE0933 /* Build configuration list for PBXNativeTarget "iOSPrototype" */;
			buildPhases = (
				E01729F6281F056200BE0933 /* Sources */,
				E01729F7281F056200BE0933 /* Frameworks */,
				E01729F8281F056200BE0933 /* Resources */,
			);
			buildRules = (
			);
			dependencies = (
			);
			name = iOSPrototype;
			productName = iOS;
			productReference = E01729FA281F056200BE0933 /* PodcastApp.app */;
			productType = "com.apple.product-type.application";
		};
		E091BF5D27F9339F00297C8A /* Core */ = {
			isa = PBXNativeTarget;
			buildConfigurationList = E091BF6D27F9339F00297C8A /* Build configuration list for PBXNativeTarget "Core" */;
			buildPhases = (
				E091BF5927F9339F00297C8A /* Headers */,
				E091BF5A27F9339F00297C8A /* Sources */,
				E091BF5B27F9339F00297C8A /* Frameworks */,
				E091BF5C27F9339F00297C8A /* Resources */,
			);
			buildRules = (
			);
			dependencies = (
			);
			name = Core;
			packageProductDependencies = (
				E054E2B427F933DD00D955FE /* FeedKit */,
			);
			productName = Core;
			productReference = E091BF5E27F9339F00297C8A /* Core.framework */;
			productType = "com.apple.product-type.framework";
		};
		E091BF6427F9339F00297C8A /* CoreTests */ = {
			isa = PBXNativeTarget;
			buildConfigurationList = E091BF7027F9339F00297C8A /* Build configuration list for PBXNativeTarget "CoreTests" */;
			buildPhases = (
				E091BF6127F9339F00297C8A /* Sources */,
				E091BF6227F9339F00297C8A /* Frameworks */,
				E091BF6327F9339F00297C8A /* Resources */,
			);
			buildRules = (
			);
			dependencies = (
				E091BF6827F9339F00297C8A /* PBXTargetDependency */,
			);
			name = CoreTests;
			productName = CoreTests;
			productReference = E091BF6527F9339F00297C8A /* CoreTests.xctest */;
			productType = "com.apple.product-type.bundle.unit-test";
		};
/* End PBXNativeTarget section */

/* Begin PBXProject section */
		E0131CE727F928C0002C6C7C /* Project object */ = {
			isa = PBXProject;
			attributes = {
				BuildIndependentTargetsInParallel = 1;
				LastSwiftUpdateCheck = 1330;
				LastUpgradeCheck = 1330;
				TargetAttributes = {
					E01729F9281F056200BE0933 = {
						CreatedOnToolsVersion = 13.3;
					};
					E091BF5D27F9339F00297C8A = {
						CreatedOnToolsVersion = 13.3;
						LastSwiftMigration = 1330;
					};
					E091BF6427F9339F00297C8A = {
						CreatedOnToolsVersion = 13.3;
					};
				};
			};
			buildConfigurationList = E0131CEA27F928C0002C6C7C /* Build configuration list for PBXProject "PodcastApp" */;
			compatibilityVersion = "Xcode 13.0";
			developmentRegion = en;
			hasScannedForEncodings = 0;
			knownRegions = (
				en,
				Base,
			);
			mainGroup = E0131CE627F928C0002C6C7C;
			packageReferences = (
				E0A0180127F92A9A0063849A /* XCRemoteSwiftPackageReference "FeedKit" */,
			);
			productRefGroup = E0131CF027F928C0002C6C7C /* Products */;
			projectDirPath = "";
			projectRoot = "";
			targets = (
				E01729F9281F056200BE0933 /* iOSPrototype */,
				E091BF5D27F9339F00297C8A /* Core */,
				E091BF6427F9339F00297C8A /* CoreTests */,
			);
		};
/* End PBXProject section */

/* Begin PBXResourcesBuildPhase section */
		E01729F8281F056200BE0933 /* Resources */ = {
			isa = PBXResourcesBuildPhase;
			buildActionMask = 2147483647;
			files = (
				E0172A04281F056200BE0933 /* Preview Assets.xcassets in Resources */,
				E0172A01281F056200BE0933 /* Assets.xcassets in Resources */,
			);
			runOnlyForDeploymentPostprocessing = 0;
		};
		E091BF5C27F9339F00297C8A /* Resources */ = {
			isa = PBXResourcesBuildPhase;
			buildActionMask = 2147483647;
			files = (
			);
			runOnlyForDeploymentPostprocessing = 0;
		};
		E091BF6327F9339F00297C8A /* Resources */ = {
			isa = PBXResourcesBuildPhase;
			buildActionMask = 2147483647;
			files = (
			);
			runOnlyForDeploymentPostprocessing = 0;
		};
/* End PBXResourcesBuildPhase section */

/* Begin PBXSourcesBuildPhase section */
		E01729F6281F056200BE0933 /* Sources */ = {
			isa = PBXSourcesBuildPhase;
			buildActionMask = 2147483647;
			files = (
				E0172A0B281F081400BE0933 /* TabBarView.swift in Sources */,
				E0172A10281F0A1200BE0933 /* SearchListView.swift in Sources */,
				E0172A1E281F1C8A00BE0933 /* SearchLoader.swift in Sources */,
				E0172A0E281F09DA00BE0933 /* SearchView.swift in Sources */,
				E0172A1B281F196F00BE0933 /* SearchDetailView-ViewModel.swift in Sources */,
				E0172A16281F106900BE0933 /* SearchDetailView.swift in Sources */,
				E0172A12281F0D0600BE0933 /* SearchRowModel.swift in Sources */,
				E01729FD281F056200BE0933 /* iOSPrototypeApp.swift in Sources */,
			);
			runOnlyForDeploymentPostprocessing = 0;
		};
		E091BF5A27F9339F00297C8A /* Sources */ = {
			isa = PBXSourcesBuildPhase;
			buildActionMask = 2147483647;
			files = (
				E05E21DF282C862A00404B2A /* StorageProvider.swift in Sources */,
				E054E2BB27F93A3D00D955FE /* URLSessionHTTPClient.swift in Sources */,
				E054E2B927F9385700D955FE /* HTTPClient.swift in Sources */,
				E0D5548D27FE895E0050012F /* RemotePodcastEpisode.swift in Sources */,
				E05E21DD282C843800404B2A /* PersistentContainer.swift in Sources */,
				E05E21E2282C88A600404B2A /* CoreDataStore.xcdatamodeld in Sources */,
				E022BDFE27FBB206006C044E /* RemotePodcastLoader.swift in Sources */,
				E0D5548B27FE893A0050012F /* RemotePodcastItem.swift in Sources */,
				E0DBE48627FDBE8C0079E445 /* RemotePodcastMapper.swift in Sources */,
			);
			runOnlyForDeploymentPostprocessing = 0;
		};
		E091BF6127F9339F00297C8A /* Sources */ = {
			isa = PBXSourcesBuildPhase;
			buildActionMask = 2147483647;
			files = (
				E091BF6B27F9339F00297C8A /* CoreTests.swift in Sources */,
			);
			runOnlyForDeploymentPostprocessing = 0;
		};
/* End PBXSourcesBuildPhase section */

/* Begin PBXTargetDependency section */
		E091BF6827F9339F00297C8A /* PBXTargetDependency */ = {
			isa = PBXTargetDependency;
			target = E091BF5D27F9339F00297C8A /* Core */;
			targetProxy = E091BF6727F9339F00297C8A /* PBXContainerItemProxy */;
		};
/* End PBXTargetDependency section */

/* Begin XCBuildConfiguration section */
		E0131D0127F928C1002C6C7C /* Debug */ = {
			isa = XCBuildConfiguration;
			buildSettings = {
				ALWAYS_SEARCH_USER_PATHS = NO;
				CLANG_ANALYZER_NONNULL = YES;
				CLANG_ANALYZER_NUMBER_OBJECT_CONVERSION = YES_AGGRESSIVE;
				CLANG_CXX_LANGUAGE_STANDARD = "gnu++17";
				CLANG_ENABLE_MODULES = YES;
				CLANG_ENABLE_OBJC_ARC = YES;
				CLANG_ENABLE_OBJC_WEAK = YES;
				CLANG_WARN_BLOCK_CAPTURE_AUTORELEASING = YES;
				CLANG_WARN_BOOL_CONVERSION = YES;
				CLANG_WARN_COMMA = YES;
				CLANG_WARN_CONSTANT_CONVERSION = YES;
				CLANG_WARN_DEPRECATED_OBJC_IMPLEMENTATIONS = YES;
				CLANG_WARN_DIRECT_OBJC_ISA_USAGE = YES_ERROR;
				CLANG_WARN_DOCUMENTATION_COMMENTS = YES;
				CLANG_WARN_EMPTY_BODY = YES;
				CLANG_WARN_ENUM_CONVERSION = YES;
				CLANG_WARN_INFINITE_RECURSION = YES;
				CLANG_WARN_INT_CONVERSION = YES;
				CLANG_WARN_NON_LITERAL_NULL_CONVERSION = YES;
				CLANG_WARN_OBJC_IMPLICIT_RETAIN_SELF = YES;
				CLANG_WARN_OBJC_LITERAL_CONVERSION = YES;
				CLANG_WARN_OBJC_ROOT_CLASS = YES_ERROR;
				CLANG_WARN_QUOTED_INCLUDE_IN_FRAMEWORK_HEADER = YES;
				CLANG_WARN_RANGE_LOOP_ANALYSIS = YES;
				CLANG_WARN_STRICT_PROTOTYPES = YES;
				CLANG_WARN_SUSPICIOUS_MOVE = YES;
				CLANG_WARN_UNGUARDED_AVAILABILITY = YES_AGGRESSIVE;
				CLANG_WARN_UNREACHABLE_CODE = YES;
				CLANG_WARN__DUPLICATE_METHOD_MATCH = YES;
				COPY_PHASE_STRIP = NO;
				DEBUG_INFORMATION_FORMAT = dwarf;
				ENABLE_STRICT_OBJC_MSGSEND = YES;
				ENABLE_TESTABILITY = YES;
				GCC_C_LANGUAGE_STANDARD = gnu11;
				GCC_DYNAMIC_NO_PIC = NO;
				GCC_NO_COMMON_BLOCKS = YES;
				GCC_OPTIMIZATION_LEVEL = 0;
				GCC_PREPROCESSOR_DEFINITIONS = (
					"DEBUG=1",
					"$(inherited)",
				);
				GCC_WARN_64_TO_32_BIT_CONVERSION = YES;
				GCC_WARN_ABOUT_RETURN_TYPE = YES_ERROR;
				GCC_WARN_UNDECLARED_SELECTOR = YES;
				GCC_WARN_UNINITIALIZED_AUTOS = YES_AGGRESSIVE;
				GCC_WARN_UNUSED_FUNCTION = YES;
				GCC_WARN_UNUSED_VARIABLE = YES;
				IPHONEOS_DEPLOYMENT_TARGET = 15.4;
				MTL_ENABLE_DEBUG_INFO = INCLUDE_SOURCE;
				MTL_FAST_MATH = YES;
				ONLY_ACTIVE_ARCH = YES;
				SDKROOT = iphoneos;
				SWIFT_ACTIVE_COMPILATION_CONDITIONS = DEBUG;
				SWIFT_OPTIMIZATION_LEVEL = "-Onone";
			};
			name = Debug;
		};
		E0131D0227F928C1002C6C7C /* Release */ = {
			isa = XCBuildConfiguration;
			buildSettings = {
				ALWAYS_SEARCH_USER_PATHS = NO;
				CLANG_ANALYZER_NONNULL = YES;
				CLANG_ANALYZER_NUMBER_OBJECT_CONVERSION = YES_AGGRESSIVE;
				CLANG_CXX_LANGUAGE_STANDARD = "gnu++17";
				CLANG_ENABLE_MODULES = YES;
				CLANG_ENABLE_OBJC_ARC = YES;
				CLANG_ENABLE_OBJC_WEAK = YES;
				CLANG_WARN_BLOCK_CAPTURE_AUTORELEASING = YES;
				CLANG_WARN_BOOL_CONVERSION = YES;
				CLANG_WARN_COMMA = YES;
				CLANG_WARN_CONSTANT_CONVERSION = YES;
				CLANG_WARN_DEPRECATED_OBJC_IMPLEMENTATIONS = YES;
				CLANG_WARN_DIRECT_OBJC_ISA_USAGE = YES_ERROR;
				CLANG_WARN_DOCUMENTATION_COMMENTS = YES;
				CLANG_WARN_EMPTY_BODY = YES;
				CLANG_WARN_ENUM_CONVERSION = YES;
				CLANG_WARN_INFINITE_RECURSION = YES;
				CLANG_WARN_INT_CONVERSION = YES;
				CLANG_WARN_NON_LITERAL_NULL_CONVERSION = YES;
				CLANG_WARN_OBJC_IMPLICIT_RETAIN_SELF = YES;
				CLANG_WARN_OBJC_LITERAL_CONVERSION = YES;
				CLANG_WARN_OBJC_ROOT_CLASS = YES_ERROR;
				CLANG_WARN_QUOTED_INCLUDE_IN_FRAMEWORK_HEADER = YES;
				CLANG_WARN_RANGE_LOOP_ANALYSIS = YES;
				CLANG_WARN_STRICT_PROTOTYPES = YES;
				CLANG_WARN_SUSPICIOUS_MOVE = YES;
				CLANG_WARN_UNGUARDED_AVAILABILITY = YES_AGGRESSIVE;
				CLANG_WARN_UNREACHABLE_CODE = YES;
				CLANG_WARN__DUPLICATE_METHOD_MATCH = YES;
				COPY_PHASE_STRIP = NO;
				DEBUG_INFORMATION_FORMAT = "dwarf-with-dsym";
				ENABLE_NS_ASSERTIONS = NO;
				ENABLE_STRICT_OBJC_MSGSEND = YES;
				GCC_C_LANGUAGE_STANDARD = gnu11;
				GCC_NO_COMMON_BLOCKS = YES;
				GCC_WARN_64_TO_32_BIT_CONVERSION = YES;
				GCC_WARN_ABOUT_RETURN_TYPE = YES_ERROR;
				GCC_WARN_UNDECLARED_SELECTOR = YES;
				GCC_WARN_UNINITIALIZED_AUTOS = YES_AGGRESSIVE;
				GCC_WARN_UNUSED_FUNCTION = YES;
				GCC_WARN_UNUSED_VARIABLE = YES;
				IPHONEOS_DEPLOYMENT_TARGET = 15.4;
				MTL_ENABLE_DEBUG_INFO = NO;
				MTL_FAST_MATH = YES;
				SDKROOT = iphoneos;
				SWIFT_COMPILATION_MODE = wholemodule;
				SWIFT_OPTIMIZATION_LEVEL = "-O";
				VALIDATE_PRODUCT = YES;
			};
			name = Release;
		};
		E0172A06281F056200BE0933 /* Debug */ = {
			isa = XCBuildConfiguration;
			buildSettings = {
				ASSETCATALOG_COMPILER_APPICON_NAME = AppIcon;
				ASSETCATALOG_COMPILER_GLOBAL_ACCENT_COLOR_NAME = AccentColor;
				CODE_SIGN_STYLE = Automatic;
				CURRENT_PROJECT_VERSION = 1;
				DEVELOPMENT_ASSET_PATHS = "\"iOSPrototype/Preview Content\"";
				DEVELOPMENT_TEAM = PN87M324F3;
				ENABLE_PREVIEWS = YES;
				GENERATE_INFOPLIST_FILE = YES;
				INFOPLIST_KEY_UIApplicationSceneManifest_Generation = YES;
				INFOPLIST_KEY_UIApplicationSupportsIndirectInputEvents = YES;
				INFOPLIST_KEY_UILaunchScreen_Generation = YES;
				INFOPLIST_KEY_UISupportedInterfaceOrientations_iPad = "UIInterfaceOrientationPortrait UIInterfaceOrientationPortraitUpsideDown UIInterfaceOrientationLandscapeLeft UIInterfaceOrientationLandscapeRight";
				INFOPLIST_KEY_UISupportedInterfaceOrientations_iPhone = "UIInterfaceOrientationPortrait UIInterfaceOrientationLandscapeLeft UIInterfaceOrientationLandscapeRight";
				LD_RUNPATH_SEARCH_PATHS = (
					"$(inherited)",
					"@executable_path/Frameworks",
				);
				MARKETING_VERSION = 1.0;
				PRODUCT_BUNDLE_IDENTIFIER = com.jonesandcode.PodcastApp.iOSPrototype;
				PRODUCT_NAME = PodcastApp;
				SWIFT_EMIT_LOC_STRINGS = YES;
				SWIFT_VERSION = 5.0;
				TARGETED_DEVICE_FAMILY = "1,2";
			};
			name = Debug;
		};
		E0172A07281F056200BE0933 /* Release */ = {
			isa = XCBuildConfiguration;
			buildSettings = {
				ASSETCATALOG_COMPILER_APPICON_NAME = AppIcon;
				ASSETCATALOG_COMPILER_GLOBAL_ACCENT_COLOR_NAME = AccentColor;
				CODE_SIGN_STYLE = Automatic;
				CURRENT_PROJECT_VERSION = 1;
				DEVELOPMENT_ASSET_PATHS = "\"iOSPrototype/Preview Content\"";
				DEVELOPMENT_TEAM = PN87M324F3;
				ENABLE_PREVIEWS = YES;
				GENERATE_INFOPLIST_FILE = YES;
				INFOPLIST_KEY_UIApplicationSceneManifest_Generation = YES;
				INFOPLIST_KEY_UIApplicationSupportsIndirectInputEvents = YES;
				INFOPLIST_KEY_UILaunchScreen_Generation = YES;
				INFOPLIST_KEY_UISupportedInterfaceOrientations_iPad = "UIInterfaceOrientationPortrait UIInterfaceOrientationPortraitUpsideDown UIInterfaceOrientationLandscapeLeft UIInterfaceOrientationLandscapeRight";
				INFOPLIST_KEY_UISupportedInterfaceOrientations_iPhone = "UIInterfaceOrientationPortrait UIInterfaceOrientationLandscapeLeft UIInterfaceOrientationLandscapeRight";
				LD_RUNPATH_SEARCH_PATHS = (
					"$(inherited)",
					"@executable_path/Frameworks",
				);
				MARKETING_VERSION = 1.0;
				PRODUCT_BUNDLE_IDENTIFIER = com.jonesandcode.PodcastApp.iOSPrototype;
				PRODUCT_NAME = PodcastApp;
				SWIFT_EMIT_LOC_STRINGS = YES;
				SWIFT_VERSION = 5.0;
				TARGETED_DEVICE_FAMILY = "1,2";
			};
			name = Release;
		};
		E091BF6E27F9339F00297C8A /* Debug */ = {
			isa = XCBuildConfiguration;
			buildSettings = {
				CLANG_ENABLE_MODULES = YES;
				CODE_SIGN_STYLE = Automatic;
				COMBINE_HIDPI_IMAGES = YES;
				CURRENT_PROJECT_VERSION = 1;
				DEFINES_MODULE = YES;
				DEVELOPMENT_TEAM = PN87M324F3;
				DYLIB_COMPATIBILITY_VERSION = 1;
				DYLIB_CURRENT_VERSION = 1;
				DYLIB_INSTALL_NAME_BASE = "@rpath";
				GENERATE_INFOPLIST_FILE = YES;
				INFOPLIST_KEY_NSHumanReadableCopyright = "";
				INSTALL_PATH = "$(LOCAL_LIBRARY_DIR)/Frameworks";
				LD_RUNPATH_SEARCH_PATHS = (
					"$(inherited)",
					"@executable_path/../Frameworks",
					"@loader_path/Frameworks",
				);
				MACOSX_DEPLOYMENT_TARGET = 12.2;
				MARKETING_VERSION = 1.0;
				PRODUCT_BUNDLE_IDENTIFIER = com.jonesandcode.PodcastApp.Core;
				PRODUCT_NAME = "$(TARGET_NAME:c99extidentifier)";
				SDKROOT = macosx;
				SKIP_INSTALL = YES;
				SUPPORTED_PLATFORMS = "macosx iphonesimulator iphoneos";
				SWIFT_EMIT_LOC_STRINGS = YES;
				SWIFT_OPTIMIZATION_LEVEL = "-Onone";
				SWIFT_VERSION = 5.0;
				VERSIONING_SYSTEM = "apple-generic";
				VERSION_INFO_PREFIX = "";
			};
			name = Debug;
		};
		E091BF6F27F9339F00297C8A /* Release */ = {
			isa = XCBuildConfiguration;
			buildSettings = {
				CLANG_ENABLE_MODULES = YES;
				CODE_SIGN_STYLE = Automatic;
				COMBINE_HIDPI_IMAGES = YES;
				CURRENT_PROJECT_VERSION = 1;
				DEFINES_MODULE = YES;
				DEVELOPMENT_TEAM = PN87M324F3;
				DYLIB_COMPATIBILITY_VERSION = 1;
				DYLIB_CURRENT_VERSION = 1;
				DYLIB_INSTALL_NAME_BASE = "@rpath";
				GENERATE_INFOPLIST_FILE = YES;
				INFOPLIST_KEY_NSHumanReadableCopyright = "";
				INSTALL_PATH = "$(LOCAL_LIBRARY_DIR)/Frameworks";
				LD_RUNPATH_SEARCH_PATHS = (
					"$(inherited)",
					"@executable_path/../Frameworks",
					"@loader_path/Frameworks",
				);
				MACOSX_DEPLOYMENT_TARGET = 12.2;
				MARKETING_VERSION = 1.0;
				PRODUCT_BUNDLE_IDENTIFIER = com.jonesandcode.PodcastApp.Core;
				PRODUCT_NAME = "$(TARGET_NAME:c99extidentifier)";
				SDKROOT = macosx;
				SKIP_INSTALL = YES;
				SUPPORTED_PLATFORMS = "macosx iphonesimulator iphoneos";
				SWIFT_EMIT_LOC_STRINGS = YES;
				SWIFT_VERSION = 5.0;
				VERSIONING_SYSTEM = "apple-generic";
				VERSION_INFO_PREFIX = "";
			};
			name = Release;
		};
		E091BF7127F9339F00297C8A /* Debug */ = {
			isa = XCBuildConfiguration;
			buildSettings = {
				ALWAYS_EMBED_SWIFT_STANDARD_LIBRARIES = YES;
				CODE_SIGN_STYLE = Automatic;
				CURRENT_PROJECT_VERSION = 1;
				DEVELOPMENT_TEAM = PN87M324F3;
				GENERATE_INFOPLIST_FILE = YES;
				MACOSX_DEPLOYMENT_TARGET = 12.2;
				MARKETING_VERSION = 1.0;
				PRODUCT_BUNDLE_IDENTIFIER = com.jonesandcode.PodcastApp.CoreTests;
				PRODUCT_NAME = "$(TARGET_NAME)";
				SDKROOT = macosx;
				SUPPORTED_PLATFORMS = "macosx iphonesimulator iphoneos";
				SWIFT_EMIT_LOC_STRINGS = NO;
				SWIFT_VERSION = 5.0;
			};
			name = Debug;
		};
		E091BF7227F9339F00297C8A /* Release */ = {
			isa = XCBuildConfiguration;
			buildSettings = {
				ALWAYS_EMBED_SWIFT_STANDARD_LIBRARIES = YES;
				CODE_SIGN_STYLE = Automatic;
				CURRENT_PROJECT_VERSION = 1;
				DEVELOPMENT_TEAM = PN87M324F3;
				GENERATE_INFOPLIST_FILE = YES;
				MACOSX_DEPLOYMENT_TARGET = 12.2;
				MARKETING_VERSION = 1.0;
				PRODUCT_BUNDLE_IDENTIFIER = com.jonesandcode.PodcastApp.CoreTests;
				PRODUCT_NAME = "$(TARGET_NAME)";
				SDKROOT = macosx;
				SUPPORTED_PLATFORMS = "macosx iphonesimulator iphoneos";
				SWIFT_EMIT_LOC_STRINGS = NO;
				SWIFT_VERSION = 5.0;
			};
			name = Release;
		};
/* End XCBuildConfiguration section */

/* Begin XCConfigurationList section */
		E0131CEA27F928C0002C6C7C /* Build configuration list for PBXProject "PodcastApp" */ = {
			isa = XCConfigurationList;
			buildConfigurations = (
				E0131D0127F928C1002C6C7C /* Debug */,
				E0131D0227F928C1002C6C7C /* Release */,
			);
			defaultConfigurationIsVisible = 0;
			defaultConfigurationName = Release;
		};
		E0172A05281F056200BE0933 /* Build configuration list for PBXNativeTarget "iOSPrototype" */ = {
			isa = XCConfigurationList;
			buildConfigurations = (
				E0172A06281F056200BE0933 /* Debug */,
				E0172A07281F056200BE0933 /* Release */,
			);
			defaultConfigurationIsVisible = 0;
			defaultConfigurationName = Release;
		};
		E091BF6D27F9339F00297C8A /* Build configuration list for PBXNativeTarget "Core" */ = {
			isa = XCConfigurationList;
			buildConfigurations = (
				E091BF6E27F9339F00297C8A /* Debug */,
				E091BF6F27F9339F00297C8A /* Release */,
			);
			defaultConfigurationIsVisible = 0;
			defaultConfigurationName = Release;
		};
		E091BF7027F9339F00297C8A /* Build configuration list for PBXNativeTarget "CoreTests" */ = {
			isa = XCConfigurationList;
			buildConfigurations = (
				E091BF7127F9339F00297C8A /* Debug */,
				E091BF7227F9339F00297C8A /* Release */,
			);
			defaultConfigurationIsVisible = 0;
			defaultConfigurationName = Release;
		};
/* End XCConfigurationList section */

/* Begin XCRemoteSwiftPackageReference section */
		E0A0180127F92A9A0063849A /* XCRemoteSwiftPackageReference "FeedKit" */ = {
			isa = XCRemoteSwiftPackageReference;
			repositoryURL = "https://github.com/nmdias/FeedKit";
			requirement = {
				branch = master;
				kind = branch;
			};
		};
/* End XCRemoteSwiftPackageReference section */

/* Begin XCSwiftPackageProductDependency section */
		E054E2B427F933DD00D955FE /* FeedKit */ = {
			isa = XCSwiftPackageProductDependency;
			package = E0A0180127F92A9A0063849A /* XCRemoteSwiftPackageReference "FeedKit" */;
			productName = FeedKit;
		};
/* End XCSwiftPackageProductDependency section */

/* Begin XCVersionGroup section */
		E05E21E0282C88A600404B2A /* CoreDataStore.xcdatamodeld */ = {
			isa = XCVersionGroup;
			children = (
				E05E21E1282C88A600404B2A /* CoreDataStore.xcdatamodel */,
			);
			currentVersion = E05E21E1282C88A600404B2A /* CoreDataStore.xcdatamodel */;
			path = CoreDataStore.xcdatamodeld;
			sourceTree = "<group>";
			versionGroupType = wrapper.xcdatamodel;
		};
/* End XCVersionGroup section */
	};
	rootObject = E0131CE727F928C0002C6C7C /* Project object */;
}
